// !$*UTF8*$!
{
	archiveVersion = 1;
	classes = {
	};
	objectVersion = 56;
	objects = {

/* Begin PBXBuildFile section */
		4654B2822AA9096D00D0F5F2 /* RealityKitContent in Frameworks */ = {isa = PBXBuildFile; productRef = 4654B2812AA9096D00D0F5F2 /* RealityKitContent */; };
		4654B2842AA9096D00D0F5F2 /* WorkshopSessionAppApp.swift in Sources */ = {isa = PBXBuildFile; fileRef = 4654B2832AA9096D00D0F5F2 /* WorkshopSessionAppApp.swift */; };
		4654B2862AA9096D00D0F5F2 /* ContentView.swift in Sources */ = {isa = PBXBuildFile; fileRef = 4654B2852AA9096D00D0F5F2 /* ContentView.swift */; };
		4654B2882AA9096F00D0F5F2 /* Assets.xcassets in Resources */ = {isa = PBXBuildFile; fileRef = 4654B2872AA9096F00D0F5F2 /* Assets.xcassets */; };
		4654B28B2AA9096F00D0F5F2 /* Preview Assets.xcassets in Resources */ = {isa = PBXBuildFile; fileRef = 4654B28A2AA9096F00D0F5F2 /* Preview Assets.xcassets */; };
		4654B29C2AA9098B00D0F5F2 /* SessionOneToolbarView.swift in Sources */ = {isa = PBXBuildFile; fileRef = 4654B2922AA9098B00D0F5F2 /* SessionOneToolbarView.swift */; };
		4654B29D2AA9098B00D0F5F2 /* SessionThree.swift in Sources */ = {isa = PBXBuildFile; fileRef = 4654B2932AA9098B00D0F5F2 /* SessionThree.swift */; };
		4654B29E2AA9098B00D0F5F2 /* OrnamentView.swift in Sources */ = {isa = PBXBuildFile; fileRef = 4654B2942AA9098B00D0F5F2 /* OrnamentView.swift */; };
		4654B29F2AA9098B00D0F5F2 /* SessionOneDescriptionTwoView.swift in Sources */ = {isa = PBXBuildFile; fileRef = 4654B2952AA9098B00D0F5F2 /* SessionOneDescriptionTwoView.swift */; };
		4654B2A02AA9098B00D0F5F2 /* SessionOne.swift in Sources */ = {isa = PBXBuildFile; fileRef = 4654B2962AA9098B00D0F5F2 /* SessionOne.swift */; };
		4654B2A12AA9098B00D0F5F2 /* SessionOneListView.swift in Sources */ = {isa = PBXBuildFile; fileRef = 4654B2972AA9098B00D0F5F2 /* SessionOneListView.swift */; };
		4654B2A22AA9098B00D0F5F2 /* SessionOneDescriptionView.swift in Sources */ = {isa = PBXBuildFile; fileRef = 4654B2982AA9098B00D0F5F2 /* SessionOneDescriptionView.swift */; };
		4654B2A32AA9098B00D0F5F2 /* SettingsView.swift in Sources */ = {isa = PBXBuildFile; fileRef = 4654B2992AA9098B00D0F5F2 /* SettingsView.swift */; };
		4654B2A42AA9098B00D0F5F2 /* SessionTwo.swift in Sources */ = {isa = PBXBuildFile; fileRef = 4654B29A2AA9098B00D0F5F2 /* SessionTwo.swift */; };
		4654B2A52AA9098B00D0F5F2 /* Page.swift in Sources */ = {isa = PBXBuildFile; fileRef = 4654B29B2AA9098B00D0F5F2 /* Page.swift */; };
		4654B2B12AA97B9700D0F5F2 /* TagColor.swift in Sources */ = {isa = PBXBuildFile; fileRef = 4654B2B02AA97B9700D0F5F2 /* TagColor.swift */; };
		4654B2B32AA97BAB00D0F5F2 /* UserList.swift in Sources */ = {isa = PBXBuildFile; fileRef = 4654B2B22AA97BAB00D0F5F2 /* UserList.swift */; };
/* End PBXBuildFile section */

/* Begin PBXFileReference section */
		4654B27C2AA9096D00D0F5F2 /* WorkshopSessionApp.app */ = {isa = PBXFileReference; explicitFileType = wrapper.application; includeInIndex = 0; path = WorkshopSessionApp.app; sourceTree = BUILT_PRODUCTS_DIR; };
		4654B2802AA9096D00D0F5F2 /* RealityKitContent */ = {isa = PBXFileReference; lastKnownFileType = wrapper; path = RealityKitContent; sourceTree = "<group>"; };
		4654B2832AA9096D00D0F5F2 /* WorkshopSessionAppApp.swift */ = {isa = PBXFileReference; lastKnownFileType = sourcecode.swift; path = WorkshopSessionAppApp.swift; sourceTree = "<group>"; };
		4654B2852AA9096D00D0F5F2 /* ContentView.swift */ = {isa = PBXFileReference; lastKnownFileType = sourcecode.swift; path = ContentView.swift; sourceTree = "<group>"; };
		4654B2872AA9096F00D0F5F2 /* Assets.xcassets */ = {isa = PBXFileReference; lastKnownFileType = folder.assetcatalog; path = Assets.xcassets; sourceTree = "<group>"; };
		4654B28A2AA9096F00D0F5F2 /* Preview Assets.xcassets */ = {isa = PBXFileReference; lastKnownFileType = folder.assetcatalog; path = "Preview Assets.xcassets"; sourceTree = "<group>"; };
		4654B28C2AA9096F00D0F5F2 /* Info.plist */ = {isa = PBXFileReference; lastKnownFileType = text.plist.xml; path = Info.plist; sourceTree = "<group>"; };
		4654B2922AA9098B00D0F5F2 /* SessionOneToolbarView.swift */ = {isa = PBXFileReference; fileEncoding = 4; lastKnownFileType = sourcecode.swift; path = SessionOneToolbarView.swift; sourceTree = "<group>"; };
		4654B2932AA9098B00D0F5F2 /* SessionThree.swift */ = {isa = PBXFileReference; fileEncoding = 4; lastKnownFileType = sourcecode.swift; path = SessionThree.swift; sourceTree = "<group>"; };
		4654B2942AA9098B00D0F5F2 /* OrnamentView.swift */ = {isa = PBXFileReference; fileEncoding = 4; lastKnownFileType = sourcecode.swift; path = OrnamentView.swift; sourceTree = "<group>"; };
		4654B2952AA9098B00D0F5F2 /* SessionOneDescriptionTwoView.swift */ = {isa = PBXFileReference; fileEncoding = 4; lastKnownFileType = sourcecode.swift; path = SessionOneDescriptionTwoView.swift; sourceTree = "<group>"; };
		4654B2962AA9098B00D0F5F2 /* SessionOne.swift */ = {isa = PBXFileReference; fileEncoding = 4; lastKnownFileType = sourcecode.swift; path = SessionOne.swift; sourceTree = "<group>"; };
		4654B2972AA9098B00D0F5F2 /* SessionOneListView.swift */ = {isa = PBXFileReference; fileEncoding = 4; lastKnownFileType = sourcecode.swift; path = SessionOneListView.swift; sourceTree = "<group>"; };
		4654B2982AA9098B00D0F5F2 /* SessionOneDescriptionView.swift */ = {isa = PBXFileReference; fileEncoding = 4; lastKnownFileType = sourcecode.swift; path = SessionOneDescriptionView.swift; sourceTree = "<group>"; };
		4654B2992AA9098B00D0F5F2 /* SettingsView.swift */ = {isa = PBXFileReference; fileEncoding = 4; lastKnownFileType = sourcecode.swift; path = SettingsView.swift; sourceTree = "<group>"; };
		4654B29A2AA9098B00D0F5F2 /* SessionTwo.swift */ = {isa = PBXFileReference; fileEncoding = 4; lastKnownFileType = sourcecode.swift; path = SessionTwo.swift; sourceTree = "<group>"; };
		4654B29B2AA9098B00D0F5F2 /* Page.swift */ = {isa = PBXFileReference; fileEncoding = 4; lastKnownFileType = sourcecode.swift; path = Page.swift; sourceTree = "<group>"; };
		4654B2B02AA97B9700D0F5F2 /* TagColor.swift */ = {isa = PBXFileReference; lastKnownFileType = sourcecode.swift; path = TagColor.swift; sourceTree = "<group>"; };
		4654B2B22AA97BAB00D0F5F2 /* UserList.swift */ = {isa = PBXFileReference; lastKnownFileType = sourcecode.swift; path = UserList.swift; sourceTree = "<group>"; };
/* End PBXFileReference section */

/* Begin PBXFrameworksBuildPhase section */
		4654B2792AA9096D00D0F5F2 /* Frameworks */ = {
			isa = PBXFrameworksBuildPhase;
			buildActionMask = 2147483647;
			files = (
				4654B2822AA9096D00D0F5F2 /* RealityKitContent in Frameworks */,
			);
			runOnlyForDeploymentPostprocessing = 0;
		};
/* End PBXFrameworksBuildPhase section */

/* Begin PBXGroup section */
		4654B2732AA9096D00D0F5F2 = {
			isa = PBXGroup;
			children = (
				4654B27E2AA9096D00D0F5F2 /* WorkshopSessionApp */,
				4654B27F2AA9096D00D0F5F2 /* Packages */,
				4654B27D2AA9096D00D0F5F2 /* Products */,
			);
			sourceTree = "<group>";
		};
		4654B27D2AA9096D00D0F5F2 /* Products */ = {
			isa = PBXGroup;
			children = (
				4654B27C2AA9096D00D0F5F2 /* WorkshopSessionApp.app */,
			);
			name = Products;
			sourceTree = "<group>";
		};
		4654B27E2AA9096D00D0F5F2 /* WorkshopSessionApp */ = {
			isa = PBXGroup;
			children = (
				4654B28C2AA9096F00D0F5F2 /* Info.plist */,
				4654B2872AA9096F00D0F5F2 /* Assets.xcassets */,
				4654B2832AA9096D00D0F5F2 /* WorkshopSessionAppApp.swift */,
				4654B2852AA9096D00D0F5F2 /* ContentView.swift */,
				4654B2AF2AA97B8700D0F5F2 /* Models */,
				4654B2B42AA97C0500D0F5F2 /* Views */,
				4654B2892AA9096F00D0F5F2 /* Preview Content */,
			);
			path = WorkshopSessionApp;
			sourceTree = "<group>";
		};
		4654B27F2AA9096D00D0F5F2 /* Packages */ = {
			isa = PBXGroup;
			children = (
				4654B2802AA9096D00D0F5F2 /* RealityKitContent */,
			);
			path = Packages;
			sourceTree = "<group>";
		};
		4654B2892AA9096F00D0F5F2 /* Preview Content */ = {
			isa = PBXGroup;
			children = (
				4654B28A2AA9096F00D0F5F2 /* Preview Assets.xcassets */,
			);
			path = "Preview Content";
			sourceTree = "<group>";
		};
		4654B2AF2AA97B8700D0F5F2 /* Models */ = {
			isa = PBXGroup;
			children = (
				4654B29B2AA9098B00D0F5F2 /* Page.swift */,
				4654B2B02AA97B9700D0F5F2 /* TagColor.swift */,
				4654B2B22AA97BAB00D0F5F2 /* UserList.swift */,
			);
			path = Models;
			sourceTree = "<group>";
		};
		4654B2B42AA97C0500D0F5F2 /* Views */ = {
			isa = PBXGroup;
			children = (
				4654B2B52AA97C1600D0F5F2 /* Supporting Views */,
				4654B2962AA9098B00D0F5F2 /* SessionOne.swift */,
				4654B29A2AA9098B00D0F5F2 /* SessionTwo.swift */,
				4654B2932AA9098B00D0F5F2 /* SessionThree.swift */,
			);
			path = Views;
			sourceTree = "<group>";
		};
		4654B2B52AA97C1600D0F5F2 /* Supporting Views */ = {
			isa = PBXGroup;
			children = (
				4654B2942AA9098B00D0F5F2 /* OrnamentView.swift */,
				4654B2952AA9098B00D0F5F2 /* SessionOneDescriptionTwoView.swift */,
				4654B2982AA9098B00D0F5F2 /* SessionOneDescriptionView.swift */,
				4654B2972AA9098B00D0F5F2 /* SessionOneListView.swift */,
				4654B2922AA9098B00D0F5F2 /* SessionOneToolbarView.swift */,
				4654B2992AA9098B00D0F5F2 /* SettingsView.swift */,
			);
			path = "Supporting Views";
			sourceTree = "<group>";
		};
/* End PBXGroup section */

/* Begin PBXNativeTarget section */
		4654B27B2AA9096D00D0F5F2 /* WorkshopSessionApp */ = {
			isa = PBXNativeTarget;
			buildConfigurationList = 4654B28F2AA9096F00D0F5F2 /* Build configuration list for PBXNativeTarget "WorkshopSessionApp" */;
			buildPhases = (
				4654B2782AA9096D00D0F5F2 /* Sources */,
				4654B2792AA9096D00D0F5F2 /* Frameworks */,
				4654B27A2AA9096D00D0F5F2 /* Resources */,
			);
			buildRules = (
			);
			dependencies = (
			);
			name = WorkshopSessionApp;
			packageProductDependencies = (
				4654B2812AA9096D00D0F5F2 /* RealityKitContent */,
			);
			productName = WorkshopSessionApp;
			productReference = 4654B27C2AA9096D00D0F5F2 /* WorkshopSessionApp.app */;
			productType = "com.apple.product-type.application";
		};
/* End PBXNativeTarget section */

/* Begin PBXProject section */
		4654B2742AA9096D00D0F5F2 /* Project object */ = {
			isa = PBXProject;
			attributes = {
				BuildIndependentTargetsInParallel = 1;
				LastSwiftUpdateCheck = 1500;
				LastUpgradeCheck = 1500;
				TargetAttributes = {
					4654B27B2AA9096D00D0F5F2 = {
						CreatedOnToolsVersion = 15.0;
					};
				};
			};
			buildConfigurationList = 4654B2772AA9096D00D0F5F2 /* Build configuration list for PBXProject "WorkshopSessionApp" */;
			compatibilityVersion = "Xcode 14.0";
			developmentRegion = en;
			hasScannedForEncodings = 0;
			knownRegions = (
				en,
				Base,
			);
			mainGroup = 4654B2732AA9096D00D0F5F2;
			productRefGroup = 4654B27D2AA9096D00D0F5F2 /* Products */;
			projectDirPath = "";
			projectRoot = "";
			targets = (
				4654B27B2AA9096D00D0F5F2 /* WorkshopSessionApp */,
			);
		};
/* End PBXProject section */

/* Begin PBXResourcesBuildPhase section */
		4654B27A2AA9096D00D0F5F2 /* Resources */ = {
			isa = PBXResourcesBuildPhase;
			buildActionMask = 2147483647;
			files = (
				4654B28B2AA9096F00D0F5F2 /* Preview Assets.xcassets in Resources */,
				4654B2882AA9096F00D0F5F2 /* Assets.xcassets in Resources */,
			);
			runOnlyForDeploymentPostprocessing = 0;
		};
/* End PBXResourcesBuildPhase section */

/* Begin PBXSourcesBuildPhase section */
		4654B2782AA9096D00D0F5F2 /* Sources */ = {
			isa = PBXSourcesBuildPhase;
			buildActionMask = 2147483647;
			files = (
				4654B2A12AA9098B00D0F5F2 /* SessionOneListView.swift in Sources */,
				4654B2B12AA97B9700D0F5F2 /* TagColor.swift in Sources */,
				4654B2A22AA9098B00D0F5F2 /* SessionOneDescriptionView.swift in Sources */,
				4654B2A52AA9098B00D0F5F2 /* Page.swift in Sources */,
				4654B2A02AA9098B00D0F5F2 /* SessionOne.swift in Sources */,
				4654B2862AA9096D00D0F5F2 /* ContentView.swift in Sources */,
				4654B29D2AA9098B00D0F5F2 /* SessionThree.swift in Sources */,
				4654B2A32AA9098B00D0F5F2 /* SettingsView.swift in Sources */,
				4654B29E2AA9098B00D0F5F2 /* OrnamentView.swift in Sources */,
				4654B2A42AA9098B00D0F5F2 /* SessionTwo.swift in Sources */,
				4654B29C2AA9098B00D0F5F2 /* SessionOneToolbarView.swift in Sources */,
				4654B29F2AA9098B00D0F5F2 /* SessionOneDescriptionTwoView.swift in Sources */,
				4654B2B32AA97BAB00D0F5F2 /* UserList.swift in Sources */,
				4654B2842AA9096D00D0F5F2 /* WorkshopSessionAppApp.swift in Sources */,
			);
			runOnlyForDeploymentPostprocessing = 0;
		};
/* End PBXSourcesBuildPhase section */

/* Begin XCBuildConfiguration section */
		4654B28D2AA9096F00D0F5F2 /* Debug */ = {
			isa = XCBuildConfiguration;
			buildSettings = {
				ALWAYS_SEARCH_USER_PATHS = NO;
				ASSETCATALOG_COMPILER_GENERATE_SWIFT_ASSET_SYMBOL_EXTENSIONS = YES;
				CLANG_ANALYZER_NONNULL = YES;
				CLANG_ANALYZER_NUMBER_OBJECT_CONVERSION = YES_AGGRESSIVE;
				CLANG_CXX_LANGUAGE_STANDARD = "gnu++20";
				CLANG_ENABLE_MODULES = YES;
				CLANG_ENABLE_OBJC_ARC = YES;
				CLANG_ENABLE_OBJC_WEAK = YES;
				CLANG_WARN_BLOCK_CAPTURE_AUTORELEASING = YES;
				CLANG_WARN_BOOL_CONVERSION = YES;
				CLANG_WARN_COMMA = YES;
				CLANG_WARN_CONSTANT_CONVERSION = YES;
				CLANG_WARN_DEPRECATED_OBJC_IMPLEMENTATIONS = YES;
				CLANG_WARN_DIRECT_OBJC_ISA_USAGE = YES_ERROR;
				CLANG_WARN_DOCUMENTATION_COMMENTS = YES;
				CLANG_WARN_EMPTY_BODY = YES;
				CLANG_WARN_ENUM_CONVERSION = YES;
				CLANG_WARN_INFINITE_RECURSION = YES;
				CLANG_WARN_INT_CONVERSION = YES;
				CLANG_WARN_NON_LITERAL_NULL_CONVERSION = YES;
				CLANG_WARN_OBJC_IMPLICIT_RETAIN_SELF = YES;
				CLANG_WARN_OBJC_LITERAL_CONVERSION = YES;
				CLANG_WARN_OBJC_ROOT_CLASS = YES_ERROR;
				CLANG_WARN_QUOTED_INCLUDE_IN_FRAMEWORK_HEADER = YES;
				CLANG_WARN_RANGE_LOOP_ANALYSIS = YES;
				CLANG_WARN_STRICT_PROTOTYPES = YES;
				CLANG_WARN_SUSPICIOUS_MOVE = YES;
				CLANG_WARN_UNGUARDED_AVAILABILITY = YES_AGGRESSIVE;
				CLANG_WARN_UNREACHABLE_CODE = YES;
				CLANG_WARN__DUPLICATE_METHOD_MATCH = YES;
				COPY_PHASE_STRIP = NO;
				DEBUG_INFORMATION_FORMAT = dwarf;
				ENABLE_STRICT_OBJC_MSGSEND = YES;
				ENABLE_TESTABILITY = YES;
				ENABLE_USER_SCRIPT_SANDBOXING = YES;
				GCC_C_LANGUAGE_STANDARD = gnu17;
				GCC_DYNAMIC_NO_PIC = NO;
				GCC_NO_COMMON_BLOCKS = YES;
				GCC_OPTIMIZATION_LEVEL = 0;
				GCC_PREPROCESSOR_DEFINITIONS = (
					"DEBUG=1",
					"$(inherited)",
				);
				GCC_WARN_64_TO_32_BIT_CONVERSION = YES;
				GCC_WARN_ABOUT_RETURN_TYPE = YES_ERROR;
				GCC_WARN_UNDECLARED_SELECTOR = YES;
				GCC_WARN_UNINITIALIZED_AUTOS = YES_AGGRESSIVE;
				GCC_WARN_UNUSED_FUNCTION = YES;
				GCC_WARN_UNUSED_VARIABLE = YES;
				LOCALIZATION_PREFERS_STRING_CATALOGS = YES;
				MTL_ENABLE_DEBUG_INFO = INCLUDE_SOURCE;
				MTL_FAST_MATH = YES;
				ONLY_ACTIVE_ARCH = YES;
				SDKROOT = xros;
				SWIFT_ACTIVE_COMPILATION_CONDITIONS = "DEBUG $(inherited)";
				SWIFT_OPTIMIZATION_LEVEL = "-Onone";
				XROS_DEPLOYMENT_TARGET = 1.0;
			};
			name = Debug;
		};
		4654B28E2AA9096F00D0F5F2 /* Release */ = {
			isa = XCBuildConfiguration;
			buildSettings = {
				ALWAYS_SEARCH_USER_PATHS = NO;
				ASSETCATALOG_COMPILER_GENERATE_SWIFT_ASSET_SYMBOL_EXTENSIONS = YES;
				CLANG_ANALYZER_NONNULL = YES;
				CLANG_ANALYZER_NUMBER_OBJECT_CONVERSION = YES_AGGRESSIVE;
				CLANG_CXX_LANGUAGE_STANDARD = "gnu++20";
				CLANG_ENABLE_MODULES = YES;
				CLANG_ENABLE_OBJC_ARC = YES;
				CLANG_ENABLE_OBJC_WEAK = YES;
				CLANG_WARN_BLOCK_CAPTURE_AUTORELEASING = YES;
				CLANG_WARN_BOOL_CONVERSION = YES;
				CLANG_WARN_COMMA = YES;
				CLANG_WARN_CONSTANT_CONVERSION = YES;
				CLANG_WARN_DEPRECATED_OBJC_IMPLEMENTATIONS = YES;
				CLANG_WARN_DIRECT_OBJC_ISA_USAGE = YES_ERROR;
				CLANG_WARN_DOCUMENTATION_COMMENTS = YES;
				CLANG_WARN_EMPTY_BODY = YES;
				CLANG_WARN_ENUM_CONVERSION = YES;
				CLANG_WARN_INFINITE_RECURSION = YES;
				CLANG_WARN_INT_CONVERSION = YES;
				CLANG_WARN_NON_LITERAL_NULL_CONVERSION = YES;
				CLANG_WARN_OBJC_IMPLICIT_RETAIN_SELF = YES;
				CLANG_WARN_OBJC_LITERAL_CONVERSION = YES;
				CLANG_WARN_OBJC_ROOT_CLASS = YES_ERROR;
				CLANG_WARN_QUOTED_INCLUDE_IN_FRAMEWORK_HEADER = YES;
				CLANG_WARN_RANGE_LOOP_ANALYSIS = YES;
				CLANG_WARN_STRICT_PROTOTYPES = YES;
				CLANG_WARN_SUSPICIOUS_MOVE = YES;
				CLANG_WARN_UNGUARDED_AVAILABILITY = YES_AGGRESSIVE;
				CLANG_WARN_UNREACHABLE_CODE = YES;
				CLANG_WARN__DUPLICATE_METHOD_MATCH = YES;
				COPY_PHASE_STRIP = NO;
				DEBUG_INFORMATION_FORMAT = "dwarf-with-dsym";
				ENABLE_NS_ASSERTIONS = NO;
				ENABLE_STRICT_OBJC_MSGSEND = YES;
				ENABLE_USER_SCRIPT_SANDBOXING = YES;
				GCC_C_LANGUAGE_STANDARD = gnu17;
				GCC_NO_COMMON_BLOCKS = YES;
				GCC_WARN_64_TO_32_BIT_CONVERSION = YES;
				GCC_WARN_ABOUT_RETURN_TYPE = YES_ERROR;
				GCC_WARN_UNDECLARED_SELECTOR = YES;
				GCC_WARN_UNINITIALIZED_AUTOS = YES_AGGRESSIVE;
				GCC_WARN_UNUSED_FUNCTION = YES;
				GCC_WARN_UNUSED_VARIABLE = YES;
				LOCALIZATION_PREFERS_STRING_CATALOGS = YES;
				MTL_ENABLE_DEBUG_INFO = NO;
				MTL_FAST_MATH = YES;
				SDKROOT = xros;
				SWIFT_COMPILATION_MODE = wholemodule;
				VALIDATE_PRODUCT = YES;
				XROS_DEPLOYMENT_TARGET = 1.0;
			};
			name = Release;
		};
		4654B2902AA9096F00D0F5F2 /* Debug */ = {
			isa = XCBuildConfiguration;
			buildSettings = {
				ASSETCATALOG_COMPILER_APPICON_NAME = AppIcon;
				ASSETCATALOG_COMPILER_GLOBAL_ACCENT_COLOR_NAME = AccentColor;
				CODE_SIGN_STYLE = Automatic;
				CURRENT_PROJECT_VERSION = 1;
				DEVELOPMENT_ASSET_PATHS = "\"WorkshopSessionApp/Preview Content\"";
				DEVELOPMENT_TEAM = BCKVL9BZPW;
				ENABLE_PREVIEWS = YES;
				GENERATE_INFOPLIST_FILE = YES;
				INFOPLIST_FILE = "$(TARGET_NAME)/Info.plist";
				LD_RUNPATH_SEARCH_PATHS = (
					"$(inherited)",
					"@executable_path/Frameworks",
				);
				MARKETING_VERSION = 1.0;
				PRODUCT_BUNDLE_IDENTIFIER = io.designtoswiftui.WorkshopSessionApp;
				PRODUCT_NAME = "$(TARGET_NAME)";
				SUPPORTED_PLATFORMS = "xros xrsimulator";
				SWIFT_EMIT_LOC_STRINGS = YES;
				SWIFT_VERSION = 5.0;
				TARGETED_DEVICE_FAMILY = "1,2,7";
			};
			name = Debug;
		};
		4654B2912AA9096F00D0F5F2 /* Release */ = {
			isa = XCBuildConfiguration;
			buildSettings = {
				ASSETCATALOG_COMPILER_APPICON_NAME = AppIcon;
				ASSETCATALOG_COMPILER_GLOBAL_ACCENT_COLOR_NAME = AccentColor;
				CODE_SIGN_STYLE = Automatic;
				CURRENT_PROJECT_VERSION = 1;
				DEVELOPMENT_ASSET_PATHS = "\"WorkshopSessionApp/Preview Content\"";
				DEVELOPMENT_TEAM = BCKVL9BZPW;
				ENABLE_PREVIEWS = YES;
				GENERATE_INFOPLIST_FILE = YES;
				INFOPLIST_FILE = "$(TARGET_NAME)/Info.plist";
				LD_RUNPATH_SEARCH_PATHS = (
					"$(inherited)",
					"@executable_path/Frameworks",
				);
				MARKETING_VERSION = 1.0;
				PRODUCT_BUNDLE_IDENTIFIER = io.designtoswiftui.WorkshopSessionApp;
				PRODUCT_NAME = "$(TARGET_NAME)";
				SUPPORTED_PLATFORMS = "xros xrsimulator";
				SWIFT_EMIT_LOC_STRINGS = YES;
				SWIFT_VERSION = 5.0;
				TARGETED_DEVICE_FAMILY = "1,2,7";
			};
			name = Release;
		};
/* End XCBuildConfiguration section */

/* Begin XCConfigurationList section */
		4654B2772AA9096D00D0F5F2 /* Build configuration list for PBXProject "WorkshopSessionApp" */ = {
			isa = XCConfigurationList;
			buildConfigurations = (
				4654B28D2AA9096F00D0F5F2 /* Debug */,
				4654B28E2AA9096F00D0F5F2 /* Release */,
			);
			defaultConfigurationIsVisible = 0;
			defaultConfigurationName = Release;
		};
		4654B28F2AA9096F00D0F5F2 /* Build configuration list for PBXNativeTarget "WorkshopSessionApp" */ = {
			isa = XCConfigurationList;
			buildConfigurations = (
				4654B2902AA9096F00D0F5F2 /* Debug */,
				4654B2912AA9096F00D0F5F2 /* Release */,
			);
			defaultConfigurationIsVisible = 0;
			defaultConfigurationName = Release;
		};
/* End XCConfigurationList section */

/* Begin XCSwiftPackageProductDependency section */
		4654B2812AA9096D00D0F5F2 /* RealityKitContent */ = {
			isa = XCSwiftPackageProductDependency;
			productName = RealityKitContent;
		};
/* End XCSwiftPackageProductDependency section */
	};
	rootObject = 4654B2742AA9096D00D0F5F2 /* Project object */;
}
